
Microsoft Visual Studio Solution File, Format Version 12.00
# Visual Studio Version 16
VisualStudioVersion = 16.0.31112.23
MinimumVisualStudioVersion = 10.0.40219.1
Project("{FAE04EC0-301F-11D3-BF4B-00C04F79EFBC}") = "SSDAssignment1", "SSDAssignment1\SSDAssignment1.csproj", "{6427F006-4DE6-40D8-9E0D-618E74D41FE8}"
EndProject
Global
	GlobalSection(SolutionConfigurationPlatforms) = preSolution
		Debug|Any CPU = Debug|Any CPU
		Release|Any CPU = Release|Any CPU
	EndGlobalSection
	GlobalSection(ProjectConfigurationPlatforms) = postSolution
		{6427F006-4DE6-40D8-9E0D-618E74D41FE8}.Debug|Any CPU.ActiveCfg = Debug|Any CPU
		{6427F006-4DE6-40D8-9E0D-618E74D41FE8}.Debug|Any CPU.Build.0 = Debug|Any CPU
		{6427F006-4DE6-40D8-9E0D-618E74D41FE8}.Release|Any CPU.ActiveCfg = Release|Any CPU
		{6427F006-4DE6-40D8-9E0D-618E74D41FE8}.Release|Any CPU.Build.0 = Release|Any CPU
	EndGlobalSection
	GlobalSection(SolutionProperties) = preSolution
		HideSolutionNode = FALSE
	EndGlobalSection
	GlobalSection(ExtensibilityGlobals) = postSolution
		SolutionGuid = {D1C44DDE-0106-4014-9DC2-AC255478345F}
	EndGlobalSection
EndGlobal
